# This file was autogenerated by Stack.
# You should not edit this file by hand.
# For more information, please see the documentation at:
#   https://docs.haskellstack.org/en/stable/lock_files

packages: []
snapshots:
- completed:
    sha256: e78cf16fff0b3895db136d1538ebe9734fa443786c80bfd2b71fc7de34ed0030
    size: 658093
    url: https://raw.githubusercontent.com/commercialhaskell/stackage-snapshots/master/nightly/2024/8/9.yaml
  original: nightly-2024-08-09
